
Microsoft Visual Studio Solution File, Format Version 12.00
# Visual Studio Version 17
VisualStudioVersion = 17.4.33205.214
MinimumVisualStudioVersion = 10.0.40219.1
Project("{FAE04EC0-301F-11D3-BF4B-00C04F79EFBC}") = "ConsoleApp1", "ConsoleApp1\ConsoleApp1.csproj", "{8C98F94A-35BA-4BE1-B553-0749C2D0A9CF}"
EndProject
Global
	GlobalSection(SolutionConfigurationPlatforms) = preSolution
		Debug|Any CPU = Debug|Any CPU
		Release|Any CPU = Release|Any CPU
	EndGlobalSection
	GlobalSection(ProjectConfigurationPlatforms) = postSolution
		{8C98F94A-35BA-4BE1-B553-0749C2D0A9CF}.Debug|Any CPU.ActiveCfg = Debug|Any CPU
		{8C98F94A-35BA-4BE1-B553-0749C2D0A9CF}.Debug|Any CPU.Build.0 = Debug|Any CPU
		{8C98F94A-35BA-4BE1-B553-0749C2D0A9CF}.Release|Any CPU.ActiveCfg = Release|Any CPU
		{8C98F94A-35BA-4BE1-B553-0749C2D0A9CF}.Release|Any CPU.Build.0 = Release|Any CPU
	EndGlobalSection
	GlobalSection(SolutionProperties) = preSolution
		HideSolutionNode = FALSE
	EndGlobalSection
	GlobalSection(ExtensibilityGlobals) = postSolution
		SolutionGuid = {0C930CA4-CFD0-45A8-B420-CA7F31C9EDC3}
	EndGlobalSection
EndGlobal
